
Microsoft Visual Studio Solution File, Format Version 12.00
# Visual Studio Version 16
VisualStudioVersion = 16.0.31321.278
MinimumVisualStudioVersion = 10.0.40219.1
Project("{FAE04EC0-301F-11D3-BF4B-00C04F79EFBC}") = "Ejercicio5", "Ejercicio5.csproj", "{29BB35B0-D909-4A9C-8F56-ABBF017406D4}"
EndProject
Global
	GlobalSection(SolutionConfigurationPlatforms) = preSolution
		Debug|Any CPU = Debug|Any CPU
		Release|Any CPU = Release|Any CPU
	EndGlobalSection
	GlobalSection(ProjectConfigurationPlatforms) = postSolution
		{29BB35B0-D909-4A9C-8F56-ABBF017406D4}.Debug|Any CPU.ActiveCfg = Debug|Any CPU
		{29BB35B0-D909-4A9C-8F56-ABBF017406D4}.Debug|Any CPU.Build.0 = Debug|Any CPU
		{29BB35B0-D909-4A9C-8F56-ABBF017406D4}.Release|Any CPU.ActiveCfg = Release|Any CPU
		{29BB35B0-D909-4A9C-8F56-ABBF017406D4}.Release|Any CPU.Build.0 = Release|Any CPU
	EndGlobalSection
	GlobalSection(SolutionProperties) = preSolution
		HideSolutionNode = FALSE
	EndGlobalSection
	GlobalSection(ExtensibilityGlobals) = postSolution
		SolutionGuid = {AAE7AC3C-FCC4-47DF-AF54-11DBFE44D11D}
	EndGlobalSection
EndGlobal
